github.com/0magnet/sh/v3 v3.13.2-0.20260810204150-cdf6c8390d38 h1:SoHqG6wNnCIoX7a7DLL5fhu4M2U3ofo4zCI4eEP1qVk=
github.com/0magnet/sh/v3 v3.13.2-0.20260810204150-cdf6c8390d38/go.mod h1:IdyC3iqIKArn4KOl0a58dV2spH0PH6pLJKOZYB2kFR0=
github.com/0magnet/sh/v3 v3.13.2-0.20260810205154-8ae3a241144f h1:7pIr9uHs20IzXizKFexwtt7iJVMPTZyWgH2jtc1Gn1c=
github.com/0magnet/sh/v3 v3.13.2-0.20260810205154-8ae3a241144f/go.mod h1:IdyC3iqIKArn4KOl0a58dV2spH0PH6pLJKOZYB2kFR0=
github.com/0magnet/sh/v3 v3.13.2-0.20260810205315-0259711977cd h1:GjAqYXIpcl3a6vTXGI+BnG2S5DUJ949TndWJBGdtEnE=
github.com/0magnet/sh/v3 v3.13.2-0.20260810205315-0259711977cd/go.mod h1:IdyC3iqIKArn4KOl0a58dV2spH0PH6pLJKOZYB2kFR0=
github.com/0magnet/u-root v0.16.1-0.20260810204129-5f58765a54d9 h1:yLbyFJEWYv04zibi3hQ6/boMxnrEmStfjAWcpEBKB2g=
github.com/0magnet/u-root v0.16.1-0.20260810204129-5f58765a54d9/go.mod h1:fId14v+rNp1A0ZKHJPZZyiu9dfgWKEs7nbyvKrku3bo=
github.com/0magnet/xterm-go v0.0.0-20260810201545-15ee441326fa h1:3boaifTJwr+VIs7Nl2x8rvO2Vf7s9ADDQbT5tiq92lY=
github.com/0magnet/xterm-go v0.0.0-20260810201545-15ee441326fa/go.mod h1:W6c6ofSTsxXuQEr1rSZ3qmfOj5a3LGB3uLQBL0/TiKc=
github.com/0magnet/xterm-go v0.0.0-20260810205656-9d27336d22c4 h1:4lz6G13voI7ptrOoQcBoo5lW2SbUIavysV6rZvzkGUw=
github.com/0magnet/xterm-go v0.0.0-20260810205656-9d27336d22c4/go.mod h1:W6c6ofSTsxXuQEr1rSZ3qmfOj5a3LGB3uLQBL0/TiKc=
github.com/0magnet/xterm-go v0.0.0-20260810205834-539654a1b7a3 h1:E+HiftyW5JqQadAaWu9kyaMgT72Uzd7dm7yQufnFRV4=
github.com/0magnet/xterm-go v0.0.0-20260810205834-539654a1b7a3/go.mod h1:W6c6ofSTsxXuQEr1rSZ3qmfOj5a3LGB3uLQBL0/TiKc=
github.com/creack/pty v1.1.24 h1:bJrF4RRfyJnbTJqzRLHzcGaZK1NeM5kTC9jGgovnR1s=
github.com/creack/pty v1.1.24/go.mod h1:08sCNb52WyoAwi2QDyzUCTgcvVFhUzewun7wtTfvcwE=
github.com/dustin/go-humanize v1.0.1 h1:GzkhY7T5VNhEkwH0PVJgjz+fX1rhBrR7pRT3mDkpeCY=
github.com/dustin/go-humanize v1.0.1/go.mod h1:Mu1zIs6XwVuF/gI1OepvI0qD18qycQx+mFykh5fBlto=
github.com/go-quicktest/qt v1.102.0 h1:HSQxCeh5YZH3EL3W39ixjtyaEhcWSXQHtHnMBzSs474=
github.com/go-quicktest/qt v1.102.0/go.mod h1:p4lGIVX+8Wa6ZPNDvqcxq36XpUDLh42FLetFU7odllI=
github.com/google/go-cmp v0.7.0 h1:wk8382ETsv4JYUZwIsn6YpYiWiBsYLSJiTsyBybVuN8=
github.com/google/go-cmp v0.7.0/go.mod h1:pXiqmnSA92OHEEa9HXL2W4E7lf9JzCmGVUdgjX3N/iU=
github.com/kr/pretty v0.3.1 h1:flRD4NNwYAUpkphVc1HcthR4KEIFJ65n8Mw5qdRn3LE=
github.com/kr/pretty v0.3.1/go.mod h1:hoEshYVHaxMs3cyo3Yncou5ZscifuDolrwPKZanG3xk=
github.com/kr/text v0.2.0 h1:5Nx0Ya0ZqY2ygV366QzturHI13Jq95ApcVaJBhpS+AY=
github.com/kr/text v0.2.0/go.mod h1:eLer722TekiGuMkidMxC/pM04lWEeraHUUmBw8l2grE=
github.com/rogpeppe/go-internal v1.15.0 h1:D0RCU5rMAp+SpgkiNdrjfJ+LX4J1M32V2NeCY7EJ6hc=
github.com/rogpeppe/go-internal v1.15.0/go.mod h1:DrUVZyrJU+txYW5/1kwtXQSMFio52ZOxX7yM1VHvnxs=
github.com/spf13/afero v1.15.0 h1:b/YBCLWAJdFWJTN9cLhiXXcD7mzKn9Dm86dNnfyQw1I=
github.com/spf13/afero v1.15.0/go.mod h1:NC2ByUVxtQs4b3sIUphxK0NioZnmxgyCrfzeuq8lxMg=
golang.org/x/sys v0.47.0 h1:o7XGOvZQCADBQQ4Y7VNq2dRWQR7JmOUW8Kxx4ZsNgWs=
golang.org/x/sys v0.47.0/go.mod h1:4GL1E5IUh+htKOUEOaiffhrAeqysfVGipDYzABqnCmw=
golang.org/x/term v0.45.0 h1:NwWyBmoJCbfTHpxrWoZ9C6/VxOf7ic219I8xZZFdrf0=
golang.org/x/term v0.45.0/go.mod h1:9aqxs0blBcrm/n0L9QW0aRVD+ktan8ssZromtqJC43w=
golang.org/x/text v0.39.0 h1:UbZz4pLOvn600D6Oh6GGEI6VAmndrEBLv8/6BEXzyus=
golang.org/x/text v0.39.0/go.mod h1:3UwRclnC2g0TU9x8PZiyfOajCd1zaUNHF9cvqcQZ+ZM=
