github.com/0magnet/afero v1.15.1-0.20261003211811-482680d00992 h1:pZAOYtc0bq6O2bND5d/QRt9k1rctn24XrEJocleRqAw=
github.com/0magnet/afero v1.15.1-0.20261003211811-482680d00992/go.mod h1:NSftFi+9304TBnW2Le6Vd3q19YrVL3CbErMOMDmPxmU=
github.com/0magnet/sh/v3 v3.13.2-0.20261003215414-58d567267b7a h1:5isxV/TvXxWoR+ELZ7HQB7R3ppWcD5tCtrTNdS3wLns=
github.com/0magnet/sh/v3 v3.13.2-0.20261003215414-58d567267b7a/go.mod h1:ngQcnC5AqtrdAe3n1WaXvxXU63Jex0A7zKpJ4xQMfmQ=
github.com/0magnet/u-root v0.16.1-0.20261003214924-44e47b732754 h1:wK2MncQOnEea7yqiOHvv3oD89sc+YC1dAw4zw1o48mQ=
github.com/0magnet/u-root v0.16.1-0.20261003214924-44e47b732754/go.mod h1:9N1kqBjNdAUT/pfrWKyty4zS5ZQgG1OvsTmhdcpAWB0=
github.com/0magnet/xterm-go v0.0.0-20260930222525-d3033e9b370a h1:0vZOcOJSwaX7QPrKl+4J17gBxbSks3NJxcqPTzqP3yM=
github.com/0magnet/xterm-go v0.0.0-20260930222525-d3033e9b370a/go.mod h1:W6c6ofSTsxXuQEr1rSZ3qmfOj5a3LGB3uLQBL0/TiKc=
github.com/benhoyt/goawk v1.32.0 h1:CK/mnBxGsNqX8hdghPIctl2aGIcwfnhT6sv+9M/bY7w=
github.com/benhoyt/goawk v1.32.0/go.mod h1:jXTQxBxtQ0VsjFqc8dw7tIJj3SDzQN8kcdMq7r83/ZA=
github.com/creack/pty v1.1.24 h1:bJrF4RRfyJnbTJqzRLHzcGaZK1NeM5kTC9jGgovnR1s=
github.com/creack/pty v1.1.24/go.mod h1:08sCNb52WyoAwi2QDyzUCTgcvVFhUzewun7wtTfvcwE=
github.com/dustin/go-humanize v1.1.0 h1:dbKTrvD0klcbBV/h4AWJdMuZogJACoMlvWIWZ5b2xWg=
github.com/dustin/go-humanize v1.1.0/go.mod h1:hc1CvRkJMsgxqjmjMQF3QNRAZBwY8AXBAzKYoSX9sFI=
github.com/go-quicktest/qt v1.102.0 h1:HSQxCeh5YZH3EL3W39ixjtyaEhcWSXQHtHnMBzSs474=
github.com/go-quicktest/qt v1.102.0/go.mod h1:p4lGIVX+8Wa6ZPNDvqcxq36XpUDLh42FLetFU7odllI=
github.com/google/go-cmp v0.7.0 h1:wk8382ETsv4JYUZwIsn6YpYiWiBsYLSJiTsyBybVuN8=
github.com/google/go-cmp v0.7.0/go.mod h1:pXiqmnSA92OHEEa9HXL2W4E7lf9JzCmGVUdgjX3N/iU=
github.com/itchyny/gojq v0.12.19 h1:ttXA0XCLEMoaLOz5lSeFOZ6u6Q3QxmG46vfgI4O0DEs=
github.com/itchyny/gojq v0.12.19/go.mod h1:5galtVPDywX8SPSOrqjGxkBeDhSxEW1gSxoy7tn1iZY=
github.com/itchyny/timefmt-go v0.1.9 h1:J4j1qMqZbg5jycwT6zIKfRgZ9aqqMxqanaI6Rr9Ezs8=
github.com/itchyny/timefmt-go v0.1.9/go.mod h1:5E46Q+zj7vbTgWY8o5YkMeYb4I6GeWLFnetPy5oBrAI=
github.com/kr/pretty v0.3.1 h1:flRD4NNwYAUpkphVc1HcthR4KEIFJ65n8Mw5qdRn3LE=
github.com/kr/pretty v0.3.1/go.mod h1:hoEshYVHaxMs3cyo3Yncou5ZscifuDolrwPKZanG3xk=
github.com/kr/text v0.2.0 h1:5Nx0Ya0ZqY2ygV366QzturHI13Jq95ApcVaJBhpS+AY=
github.com/kr/text v0.2.0/go.mod h1:eLer722TekiGuMkidMxC/pM04lWEeraHUUmBw8l2grE=
github.com/rogpeppe/go-internal v1.16.0 h1:O9DK+vNMDVGLr2BeZqmpLeMjiMNkuXfcqntWbZV6S5g=
github.com/rogpeppe/go-internal v1.16.0/go.mod h1:DrUVZyrJU+txYW5/1kwtXQSMFio52ZOxX7yM1VHvnxs=
golang.org/x/sys v0.48.0 h1:bbX/i/6MgT9BVLM9RT1thmxL04yeTAhbEz4SyadbXoo=
golang.org/x/sys v0.48.0/go.mod h1:hNLxWAXmnKAxqDtdwIYC4bM9oQPEecfsnNMuSxOs3og=
golang.org/x/term v0.46.0 h1:3+OXuTbaKDgwk8jTi3aSLHRlmWqHEUDUtxnbFigO4YE=
golang.org/x/term v0.46.0/go.mod h1:+K02xbkittuwc0Am4abfA3Fc+XRGXkvBXNO88NCXPoc=
golang.org/x/text v0.42.0 h1:JbOZXgfeCPU9gacVtYliJqOhD+zhrEqK4LfdpmlUZqI=
golang.org/x/text v0.42.0/go.mod h1:ojzP1Z+2QtioaF8DTtO8K5q7JWVVYwZKenzujK0Zd0E=
